
Microsoft Visual Studio Solution File, Format Version 12.00
# Visual Studio Version 17
VisualStudioVersion = 17.3.32825.248
MinimumVisualStudioVersion = 10.0.40219.1
Project("{FAE04EC0-301F-11D3-BF4B-00C04F79EFBC}") = "MyUWPLibrary", "..\我的API库\MyUWPLibrary\MyUWPLibrary.csproj", "{0B1515F5-9A8C-404A-BD4A-1F2645E4C67D}"
EndProject
Project("{9A19103F-16F7-4668-BE54-9A1E7A4F7556}") = "ConsoleApp1", "ConsoleApp1\ConsoleApp1.csproj", "{65C32333-FA1A-4CAD-884C-4CC25E39BAD1}"
EndProject
Project("{FAE04EC0-301F-11D3-BF4B-00C04F79EFBC}") = "RepeatItemsChecker.BaseViews", "RepeatItemsChecker.BaseViews\RepeatItemsChecker.BaseViews.csproj", "{45C2B716-8913-425F-B8A3-49C627FC03E0}"
EndProject
Project("{9A19103F-16F7-4668-BE54-9A1E7A4F7556}") = "FolderGroupDB", "FolderGroupDB\FolderGroupDB.csproj", "{6C2DEFAE-A17B-46BB-A9BE-34D8C90F5465}"
EndProject
Project("{FAE04EC0-301F-11D3-BF4B-00C04F79EFBC}") = "RepeatItemsChecker.App", "RepeatItemsChecker.App\RepeatItemsChecker.App.csproj", "{9703AD3E-3D88-4357-9DE2-A8EDEF3930AF}"
	ProjectSection(ProjectDependencies) = postProject
		{19BAC093-B47E-4DAB-B37F-5DAE86141E24} = {19BAC093-B47E-4DAB-B37F-5DAE86141E24}
		{45C2B716-8913-425F-B8A3-49C627FC03E0} = {45C2B716-8913-425F-B8A3-49C627FC03E0}
		{6C2DEFAE-A17B-46BB-A9BE-34D8C90F5465} = {6C2DEFAE-A17B-46BB-A9BE-34D8C90F5465}
	EndProjectSection
EndProject
Project("{9A19103F-16F7-4668-BE54-9A1E7A4F7556}") = "RepeatItemsChecker.Core", "RepeatItemsChecker.Core\RepeatItemsChecker.Core.csproj", "{19BAC093-B47E-4DAB-B37F-5DAE86141E24}"
EndProject
Global
	GlobalSection(SolutionConfigurationPlatforms) = preSolution
		Debug|Any CPU = Debug|Any CPU
		Debug|ARM = Debug|ARM
		Debug|ARM64 = Debug|ARM64
		Debug|x64 = Debug|x64
		Debug|x86 = Debug|x86
		Release|Any CPU = Release|Any CPU
		Release|ARM = Release|ARM
		Release|ARM64 = Release|ARM64
		Release|x64 = Release|x64
		Release|x86 = Release|x86
	EndGlobalSection
	GlobalSection(ProjectConfigurationPlatforms) = postSolution
		{0B1515F5-9A8C-404A-BD4A-1F2645E4C67D}.Debug|Any CPU.ActiveCfg = Debug|Any CPU
		{0B1515F5-9A8C-404A-BD4A-1F2645E4C67D}.Debug|Any CPU.Build.0 = Debug|Any CPU
		{0B1515F5-9A8C-404A-BD4A-1F2645E4C67D}.Debug|ARM.ActiveCfg = Debug|ARM
		{0B1515F5-9A8C-404A-BD4A-1F2645E4C67D}.Debug|ARM.Build.0 = Debug|ARM
		{0B1515F5-9A8C-404A-BD4A-1F2645E4C67D}.Debug|ARM64.ActiveCfg = Debug|ARM64
		{0B1515F5-9A8C-404A-BD4A-1F2645E4C67D}.Debug|ARM64.Build.0 = Debug|ARM64
		{0B1515F5-9A8C-404A-BD4A-1F2645E4C67D}.Debug|x64.ActiveCfg = Debug|x64
		{0B1515F5-9A8C-404A-BD4A-1F2645E4C67D}.Debug|x64.Build.0 = Debug|x64
		{0B1515F5-9A8C-404A-BD4A-1F2645E4C67D}.Debug|x86.ActiveCfg = Debug|x86
		{0B1515F5-9A8C-404A-BD4A-1F2645E4C67D}.Debug|x86.Build.0 = Debug|x86
		{0B1515F5-9A8C-404A-BD4A-1F2645E4C67D}.Release|Any CPU.ActiveCfg = Release|Any CPU
		{0B1515F5-9A8C-404A-BD4A-1F2645E4C67D}.Release|Any CPU.Build.0 = Release|Any CPU
		{0B1515F5-9A8C-404A-BD4A-1F2645E4C67D}.Release|ARM.ActiveCfg = Release|ARM
		{0B1515F5-9A8C-404A-BD4A-1F2645E4C67D}.Release|ARM.Build.0 = Release|ARM
		{0B1515F5-9A8C-404A-BD4A-1F2645E4C67D}.Release|ARM64.ActiveCfg = Release|ARM64
		{0B1515F5-9A8C-404A-BD4A-1F2645E4C67D}.Release|ARM64.Build.0 = Release|ARM64
		{0B1515F5-9A8C-404A-BD4A-1F2645E4C67D}.Release|x64.ActiveCfg = Release|x64
		{0B1515F5-9A8C-404A-BD4A-1F2645E4C67D}.Release|x64.Build.0 = Release|x64
		{0B1515F5-9A8C-404A-BD4A-1F2645E4C67D}.Release|x86.ActiveCfg = Release|x86
		{0B1515F5-9A8C-404A-BD4A-1F2645E4C67D}.Release|x86.Build.0 = Release|x86
		{65C32333-FA1A-4CAD-884C-4CC25E39BAD1}.Debug|Any CPU.ActiveCfg = Debug|Any CPU
		{65C32333-FA1A-4CAD-884C-4CC25E39BAD1}.Debug|Any CPU.Build.0 = Debug|Any CPU
		{65C32333-FA1A-4CAD-884C-4CC25E39BAD1}.Debug|ARM.ActiveCfg = Debug|Any CPU
		{65C32333-FA1A-4CAD-884C-4CC25E39BAD1}.Debug|ARM.Build.0 = Debug|Any CPU
		{65C32333-FA1A-4CAD-884C-4CC25E39BAD1}.Debug|ARM64.ActiveCfg = Debug|Any CPU
		{65C32333-FA1A-4CAD-884C-4CC25E39BAD1}.Debug|ARM64.Build.0 = Debug|Any CPU
		{65C32333-FA1A-4CAD-884C-4CC25E39BAD1}.Debug|x64.ActiveCfg = Debug|Any CPU
		{65C32333-FA1A-4CAD-884C-4CC25E39BAD1}.Debug|x64.Build.0 = Debug|Any CPU
		{65C32333-FA1A-4CAD-884C-4CC25E39BAD1}.Debug|x86.ActiveCfg = Debug|Any CPU
		{65C32333-FA1A-4CAD-884C-4CC25E39BAD1}.Debug|x86.Build.0 = Debug|Any CPU
		{65C32333-FA1A-4CAD-884C-4CC25E39BAD1}.Release|Any CPU.ActiveCfg = Release|Any CPU
		{65C32333-FA1A-4CAD-884C-4CC25E39BAD1}.Release|Any CPU.Build.0 = Release|Any CPU
		{65C32333-FA1A-4CAD-884C-4CC25E39BAD1}.Release|ARM.ActiveCfg = Release|Any CPU
		{65C32333-FA1A-4CAD-884C-4CC25E39BAD1}.Release|ARM.Build.0 = Release|Any CPU
		{65C32333-FA1A-4CAD-884C-4CC25E39BAD1}.Release|ARM64.ActiveCfg = Release|Any CPU
		{65C32333-FA1A-4CAD-884C-4CC25E39BAD1}.Release|ARM64.Build.0 = Release|Any CPU
		{65C32333-FA1A-4CAD-884C-4CC25E39BAD1}.Release|x64.ActiveCfg = Release|Any CPU
		{65C32333-FA1A-4CAD-884C-4CC25E39BAD1}.Release|x64.Build.0 = Release|Any CPU
		{65C32333-FA1A-4CAD-884C-4CC25E39BAD1}.Release|x86.ActiveCfg = Release|Any CPU
		{65C32333-FA1A-4CAD-884C-4CC25E39BAD1}.Release|x86.Build.0 = Release|Any CPU
		{45C2B716-8913-425F-B8A3-49C627FC03E0}.Debug|Any CPU.ActiveCfg = Debug|Any CPU
		{45C2B716-8913-425F-B8A3-49C627FC03E0}.Debug|Any CPU.Build.0 = Debug|Any CPU
		{45C2B716-8913-425F-B8A3-49C627FC03E0}.Debug|ARM.ActiveCfg = Debug|ARM
		{45C2B716-8913-425F-B8A3-49C627FC03E0}.Debug|ARM.Build.0 = Debug|ARM
		{45C2B716-8913-425F-B8A3-49C627FC03E0}.Debug|ARM64.ActiveCfg = Debug|ARM64
		{45C2B716-8913-425F-B8A3-49C627FC03E0}.Debug|ARM64.Build.0 = Debug|ARM64
		{45C2B716-8913-425F-B8A3-49C627FC03E0}.Debug|x64.ActiveCfg = Debug|x64
		{45C2B716-8913-425F-B8A3-49C627FC03E0}.Debug|x64.Build.0 = Debug|x64
		{45C2B716-8913-425F-B8A3-49C627FC03E0}.Debug|x86.ActiveCfg = Debug|x86
		{45C2B716-8913-425F-B8A3-49C627FC03E0}.Debug|x86.Build.0 = Debug|x86
		{45C2B716-8913-425F-B8A3-49C627FC03E0}.Release|Any CPU.ActiveCfg = Release|Any CPU
		{45C2B716-8913-425F-B8A3-49C627FC03E0}.Release|Any CPU.Build.0 = Release|Any CPU
		{45C2B716-8913-425F-B8A3-49C627FC03E0}.Release|ARM.ActiveCfg = Release|ARM
		{45C2B716-8913-425F-B8A3-49C627FC03E0}.Release|ARM.Build.0 = Release|ARM
		{45C2B716-8913-425F-B8A3-49C627FC03E0}.Release|ARM64.ActiveCfg = Release|ARM64
		{45C2B716-8913-425F-B8A3-49C627FC03E0}.Release|ARM64.Build.0 = Release|ARM64
		{45C2B716-8913-425F-B8A3-49C627FC03E0}.Release|x64.ActiveCfg = Release|x64
		{45C2B716-8913-425F-B8A3-49C627FC03E0}.Release|x64.Build.0 = Release|x64
		{45C2B716-8913-425F-B8A3-49C627FC03E0}.Release|x86.ActiveCfg = Release|x86
		{45C2B716-8913-425F-B8A3-49C627FC03E0}.Release|x86.Build.0 = Release|x86
		{6C2DEFAE-A17B-46BB-A9BE-34D8C90F5465}.Debug|Any CPU.ActiveCfg = Debug|Any CPU
		{6C2DEFAE-A17B-46BB-A9BE-34D8C90F5465}.Debug|Any CPU.Build.0 = Debug|Any CPU
		{6C2DEFAE-A17B-46BB-A9BE-34D8C90F5465}.Debug|ARM.ActiveCfg = Debug|Any CPU
		{6C2DEFAE-A17B-46BB-A9BE-34D8C90F5465}.Debug|ARM.Build.0 = Debug|Any CPU
		{6C2DEFAE-A17B-46BB-A9BE-34D8C90F5465}.Debug|ARM64.ActiveCfg = Debug|Any CPU
		{6C2DEFAE-A17B-46BB-A9BE-34D8C90F5465}.Debug|ARM64.Build.0 = Debug|Any CPU
		{6C2DEFAE-A17B-46BB-A9BE-34D8C90F5465}.Debug|x64.ActiveCfg = Debug|Any CPU
		{6C2DEFAE-A17B-46BB-A9BE-34D8C90F5465}.Debug|x64.Build.0 = Debug|Any CPU
		{6C2DEFAE-A17B-46BB-A9BE-34D8C90F5465}.Debug|x86.ActiveCfg = Debug|Any CPU
		{6C2DEFAE-A17B-46BB-A9BE-34D8C90F5465}.Debug|x86.Build.0 = Debug|Any CPU
		{6C2DEFAE-A17B-46BB-A9BE-34D8C90F5465}.Release|Any CPU.ActiveCfg = Release|Any CPU
		{6C2DEFAE-A17B-46BB-A9BE-34D8C90F5465}.Release|Any CPU.Build.0 = Release|Any CPU
		{6C2DEFAE-A17B-46BB-A9BE-34D8C90F5465}.Release|ARM.ActiveCfg = Release|Any CPU
		{6C2DEFAE-A17B-46BB-A9BE-34D8C90F5465}.Release|ARM.Build.0 = Release|Any CPU
		{6C2DEFAE-A17B-46BB-A9BE-34D8C90F5465}.Release|ARM64.ActiveCfg = Release|Any CPU
		{6C2DEFAE-A17B-46BB-A9BE-34D8C90F5465}.Release|ARM64.Build.0 = Release|Any CPU
		{6C2DEFAE-A17B-46BB-A9BE-34D8C90F5465}.Release|x64.ActiveCfg = Release|Any CPU
		{6C2DEFAE-A17B-46BB-A9BE-34D8C90F5465}.Release|x64.Build.0 = Release|Any CPU
		{6C2DEFAE-A17B-46BB-A9BE-34D8C90F5465}.Release|x86.ActiveCfg = Release|Any CPU
		{6C2DEFAE-A17B-46BB-A9BE-34D8C90F5465}.Release|x86.Build.0 = Release|Any CPU
		{9703AD3E-3D88-4357-9DE2-A8EDEF3930AF}.Debug|Any CPU.ActiveCfg = Debug|x64
		{9703AD3E-3D88-4357-9DE2-A8EDEF3930AF}.Debug|Any CPU.Build.0 = Debug|x64
		{9703AD3E-3D88-4357-9DE2-A8EDEF3930AF}.Debug|Any CPU.Deploy.0 = Debug|x64
		{9703AD3E-3D88-4357-9DE2-A8EDEF3930AF}.Debug|ARM.ActiveCfg = Debug|ARM
		{9703AD3E-3D88-4357-9DE2-A8EDEF3930AF}.Debug|ARM.Build.0 = Debug|ARM
		{9703AD3E-3D88-4357-9DE2-A8EDEF3930AF}.Debug|ARM.Deploy.0 = Debug|ARM
		{9703AD3E-3D88-4357-9DE2-A8EDEF3930AF}.Debug|ARM64.ActiveCfg = Debug|ARM64
		{9703AD3E-3D88-4357-9DE2-A8EDEF3930AF}.Debug|ARM64.Build.0 = Debug|ARM64
		{9703AD3E-3D88-4357-9DE2-A8EDEF3930AF}.Debug|ARM64.Deploy.0 = Debug|ARM64
		{9703AD3E-3D88-4357-9DE2-A8EDEF3930AF}.Debug|x64.ActiveCfg = Debug|x64
		{9703AD3E-3D88-4357-9DE2-A8EDEF3930AF}.Debug|x64.Build.0 = Debug|x64
		{9703AD3E-3D88-4357-9DE2-A8EDEF3930AF}.Debug|x64.Deploy.0 = Debug|x64
		{9703AD3E-3D88-4357-9DE2-A8EDEF3930AF}.Debug|x86.ActiveCfg = Debug|x86
		{9703AD3E-3D88-4357-9DE2-A8EDEF3930AF}.Debug|x86.Build.0 = Debug|x86
		{9703AD3E-3D88-4357-9DE2-A8EDEF3930AF}.Debug|x86.Deploy.0 = Debug|x86
		{9703AD3E-3D88-4357-9DE2-A8EDEF3930AF}.Release|Any CPU.ActiveCfg = Release|x64
		{9703AD3E-3D88-4357-9DE2-A8EDEF3930AF}.Release|Any CPU.Build.0 = Release|x64
		{9703AD3E-3D88-4357-9DE2-A8EDEF3930AF}.Release|Any CPU.Deploy.0 = Release|x64
		{9703AD3E-3D88-4357-9DE2-A8EDEF3930AF}.Release|ARM.ActiveCfg = Release|ARM
		{9703AD3E-3D88-4357-9DE2-A8EDEF3930AF}.Release|ARM.Build.0 = Release|ARM
		{9703AD3E-3D88-4357-9DE2-A8EDEF3930AF}.Release|ARM.Deploy.0 = Release|ARM
		{9703AD3E-3D88-4357-9DE2-A8EDEF3930AF}.Release|ARM64.ActiveCfg = Release|ARM64
		{9703AD3E-3D88-4357-9DE2-A8EDEF3930AF}.Release|ARM64.Build.0 = Release|ARM64
		{9703AD3E-3D88-4357-9DE2-A8EDEF3930AF}.Release|ARM64.Deploy.0 = Release|ARM64
		{9703AD3E-3D88-4357-9DE2-A8EDEF3930AF}.Release|x64.ActiveCfg = Release|x64
		{9703AD3E-3D88-4357-9DE2-A8EDEF3930AF}.Release|x64.Build.0 = Release|x64
		{9703AD3E-3D88-4357-9DE2-A8EDEF3930AF}.Release|x64.Deploy.0 = Release|x64
		{9703AD3E-3D88-4357-9DE2-A8EDEF3930AF}.Release|x86.ActiveCfg = Release|x86
		{9703AD3E-3D88-4357-9DE2-A8EDEF3930AF}.Release|x86.Build.0 = Release|x86
		{9703AD3E-3D88-4357-9DE2-A8EDEF3930AF}.Release|x86.Deploy.0 = Release|x86
		{19BAC093-B47E-4DAB-B37F-5DAE86141E24}.Debug|Any CPU.ActiveCfg = Debug|Any CPU
		{19BAC093-B47E-4DAB-B37F-5DAE86141E24}.Debug|Any CPU.Build.0 = Debug|Any CPU
		{19BAC093-B47E-4DAB-B37F-5DAE86141E24}.Debug|ARM.ActiveCfg = Debug|Any CPU
		{19BAC093-B47E-4DAB-B37F-5DAE86141E24}.Debug|ARM.Build.0 = Debug|Any CPU
		{19BAC093-B47E-4DAB-B37F-5DAE86141E24}.Debug|ARM64.ActiveCfg = Debug|Any CPU
		{19BAC093-B47E-4DAB-B37F-5DAE86141E24}.Debug|ARM64.Build.0 = Debug|Any CPU
		{19BAC093-B47E-4DAB-B37F-5DAE86141E24}.Debug|x64.ActiveCfg = Debug|Any CPU
		{19BAC093-B47E-4DAB-B37F-5DAE86141E24}.Debug|x64.Build.0 = Debug|Any CPU
		{19BAC093-B47E-4DAB-B37F-5DAE86141E24}.Debug|x86.ActiveCfg = Debug|Any CPU
		{19BAC093-B47E-4DAB-B37F-5DAE86141E24}.Debug|x86.Build.0 = Debug|Any CPU
		{19BAC093-B47E-4DAB-B37F-5DAE86141E24}.Release|Any CPU.ActiveCfg = Release|Any CPU
		{19BAC093-B47E-4DAB-B37F-5DAE86141E24}.Release|Any CPU.Build.0 = Release|Any CPU
		{19BAC093-B47E-4DAB-B37F-5DAE86141E24}.Release|ARM.ActiveCfg = Release|Any CPU
		{19BAC093-B47E-4DAB-B37F-5DAE86141E24}.Release|ARM.Build.0 = Release|Any CPU
		{19BAC093-B47E-4DAB-B37F-5DAE86141E24}.Release|ARM64.ActiveCfg = Release|Any CPU
		{19BAC093-B47E-4DAB-B37F-5DAE86141E24}.Release|ARM64.Build.0 = Release|Any CPU
		{19BAC093-B47E-4DAB-B37F-5DAE86141E24}.Release|x64.ActiveCfg = Release|Any CPU
		{19BAC093-B47E-4DAB-B37F-5DAE86141E24}.Release|x64.Build.0 = Release|Any CPU
		{19BAC093-B47E-4DAB-B37F-5DAE86141E24}.Release|x86.ActiveCfg = Release|Any CPU
		{19BAC093-B47E-4DAB-B37F-5DAE86141E24}.Release|x86.Build.0 = Release|Any CPU
	EndGlobalSection
	GlobalSection(SolutionProperties) = preSolution
		HideSolutionNode = FALSE
	EndGlobalSection
	GlobalSection(ExtensibilityGlobals) = postSolution
		SolutionGuid = {9DF3616E-EEB5-4A4C-9902-86F5690B4146}
	EndGlobalSection
EndGlobal
